
Microsoft Visual Studio Solution File, Format Version 12.00
# Visual Studio 14
VisualStudioVersion = 14.0.25420.1
MinimumVisualStudioVersion = 10.0.40219.1
Project("{FAE04EC0-301F-11D3-BF4B-00C04F79EFBC}") = "SBFD2EDSG_GUI", "SBFD2EDSG_GUI\SBFD2EDSG_GUI.csproj", "{8DEC9988-3273-4704-8D68-11AE1B1FE45D}"
EndProject
Global
	GlobalSection(SolutionConfigurationPlatforms) = preSolution
		Debug|Any CPU = Debug|Any CPU
		Release|Any CPU = Release|Any CPU
	EndGlobalSection
	GlobalSection(ProjectConfigurationPlatforms) = postSolution
		{8DEC9988-3273-4704-8D68-11AE1B1FE45D}.Debug|Any CPU.ActiveCfg = Debug|Any CPU
		{8DEC9988-3273-4704-8D68-11AE1B1FE45D}.Debug|Any CPU.Build.0 = Debug|Any CPU
		{8DEC9988-3273-4704-8D68-11AE1B1FE45D}.Release|Any CPU.ActiveCfg = Release|Any CPU
		{8DEC9988-3273-4704-8D68-11AE1B1FE45D}.Release|Any CPU.Build.0 = Release|Any CPU
	EndGlobalSection
	GlobalSection(SolutionProperties) = preSolution
		HideSolutionNode = FALSE
	EndGlobalSection
EndGlobal
